
Microsoft Visual Studio Solution File, Format Version 12.00
# Visual Studio 14
VisualStudioVersion = 14.0.25420.1
MinimumVisualStudioVersion = 10.0.40219.1
Project("{FAE04EC0-301F-11D3-BF4B-00C04F79EFBC}") = "Application", "App1\Application.csproj", "{CCDAB854-5828-4CFA-9E96-8100FEE246CF}"
	ProjectSection(ProjectDependencies) = postProject
		{22EA7D15-81D2-406F-A3A7-6ED5743CA9D1} = {22EA7D15-81D2-406F-A3A7-6ED5743CA9D1}
	EndProjectSection
EndProject
Project("{FAE04EC0-301F-11D3-BF4B-00C04F79EFBC}") = "Model", "Goods.DbModels\Model.csproj", "{22EA7D15-81D2-406F-A3A7-6ED5743CA9D1}"
EndProject
Project("{FAE04EC0-301F-11D3-BF4B-00C04F79EFBC}") = "Manager", "Managers\Manager.csproj", "{A3994BB7-8CDB-45F7-9F23-1ADEB75CD1D9}"
EndProject
Project("{FAE04EC0-301F-11D3-BF4B-00C04F79EFBC}") = "BAL", "Goods.BusinessLogic\BAL.csproj", "{17C50103-F294-4B9A-92AD-3FBB8BD357B2}"
EndProject
Project("{FAE04EC0-301F-11D3-BF4B-00C04F79EFBC}") = "Multi-threading", "Multithreading\Multi-threading.csproj", "{BBEBDDBB-80AE-4409-9A87-127A030F318C}"
EndProject
Project("{FAE04EC0-301F-11D3-BF4B-00C04F79EFBC}") = "DAL", "DataAccessLogic\DAL.csproj", "{55327FFB-8BDE-48D6-96A6-0E6A6699549B}"
EndProject
Global
	GlobalSection(SolutionConfigurationPlatforms) = preSolution
		Debug|Any CPU = Debug|Any CPU
		Release|Any CPU = Release|Any CPU
	EndGlobalSection
	GlobalSection(ProjectConfigurationPlatforms) = postSolution
		{CCDAB854-5828-4CFA-9E96-8100FEE246CF}.Debug|Any CPU.ActiveCfg = Debug|Any CPU
		{CCDAB854-5828-4CFA-9E96-8100FEE246CF}.Debug|Any CPU.Build.0 = Debug|Any CPU
		{CCDAB854-5828-4CFA-9E96-8100FEE246CF}.Release|Any CPU.ActiveCfg = Release|Any CPU
		{CCDAB854-5828-4CFA-9E96-8100FEE246CF}.Release|Any CPU.Build.0 = Release|Any CPU
		{22EA7D15-81D2-406F-A3A7-6ED5743CA9D1}.Debug|Any CPU.ActiveCfg = Debug|Any CPU
		{22EA7D15-81D2-406F-A3A7-6ED5743CA9D1}.Debug|Any CPU.Build.0 = Debug|Any CPU
		{22EA7D15-81D2-406F-A3A7-6ED5743CA9D1}.Release|Any CPU.ActiveCfg = Release|Any CPU
		{22EA7D15-81D2-406F-A3A7-6ED5743CA9D1}.Release|Any CPU.Build.0 = Release|Any CPU
		{A3994BB7-8CDB-45F7-9F23-1ADEB75CD1D9}.Debug|Any CPU.ActiveCfg = Debug|Any CPU
		{A3994BB7-8CDB-45F7-9F23-1ADEB75CD1D9}.Debug|Any CPU.Build.0 = Debug|Any CPU
		{A3994BB7-8CDB-45F7-9F23-1ADEB75CD1D9}.Release|Any CPU.ActiveCfg = Release|Any CPU
		{A3994BB7-8CDB-45F7-9F23-1ADEB75CD1D9}.Release|Any CPU.Build.0 = Release|Any CPU
		{17C50103-F294-4B9A-92AD-3FBB8BD357B2}.Debug|Any CPU.ActiveCfg = Debug|Any CPU
		{17C50103-F294-4B9A-92AD-3FBB8BD357B2}.Debug|Any CPU.Build.0 = Debug|Any CPU
		{17C50103-F294-4B9A-92AD-3FBB8BD357B2}.Release|Any CPU.ActiveCfg = Release|Any CPU
		{17C50103-F294-4B9A-92AD-3FBB8BD357B2}.Release|Any CPU.Build.0 = Release|Any CPU
		{BBEBDDBB-80AE-4409-9A87-127A030F318C}.Debug|Any CPU.ActiveCfg = Debug|Any CPU
		{BBEBDDBB-80AE-4409-9A87-127A030F318C}.Debug|Any CPU.Build.0 = Debug|Any CPU
		{BBEBDDBB-80AE-4409-9A87-127A030F318C}.Release|Any CPU.ActiveCfg = Release|Any CPU
		{BBEBDDBB-80AE-4409-9A87-127A030F318C}.Release|Any CPU.Build.0 = Release|Any CPU
		{55327FFB-8BDE-48D6-96A6-0E6A6699549B}.Debug|Any CPU.ActiveCfg = Debug|Any CPU
		{55327FFB-8BDE-48D6-96A6-0E6A6699549B}.Debug|Any CPU.Build.0 = Debug|Any CPU
		{55327FFB-8BDE-48D6-96A6-0E6A6699549B}.Release|Any CPU.ActiveCfg = Release|Any CPU
		{55327FFB-8BDE-48D6-96A6-0E6A6699549B}.Release|Any CPU.Build.0 = Release|Any CPU
	EndGlobalSection
	GlobalSection(SolutionProperties) = preSolution
		HideSolutionNode = FALSE
	EndGlobalSection
EndGlobal
